// !$*UTF8*$!
{
	archiveVersion = 1;
	classes = {
	};
	objectVersion = 50;
	objects = {

/* Begin PBXBuildFile section */
		05ACD38A214F3C8B00DB271A /* AppDelegate.swift in Sources */ = {isa = PBXBuildFile; fileRef = 05ACD389214F3C8B00DB271A /* AppDelegate.swift */; };
		05ACD38C214F3C8B00DB271A /* ViewController.swift in Sources */ = {isa = PBXBuildFile; fileRef = 05ACD38B214F3C8B00DB271A /* ViewController.swift */; };
		05ACD38F214F3C8B00DB271A /* Main.storyboard in Resources */ = {isa = PBXBuildFile; fileRef = 05ACD38D214F3C8B00DB271A /* Main.storyboard */; };
		05ACD391214F3C8C00DB271A /* Assets.xcassets in Resources */ = {isa = PBXBuildFile; fileRef = 05ACD390214F3C8C00DB271A /* Assets.xcassets */; };
		05ACD394214F3C8C00DB271A /* LaunchScreen.storyboard in Resources */ = {isa = PBXBuildFile; fileRef = 05ACD392214F3C8C00DB271A /* LaunchScreen.storyboard */; };
		05ACD3A0214F3F9100DB271A /* book.xml in Resources */ = {isa = PBXBuildFile; fileRef = 05ACD39F214F3F9100DB271A /* book.xml */; };
		05ACD3A2214F447900DB271A /* FruitData.swift in Sources */ = {isa = PBXBuildFile; fileRef = 05ACD3A1214F447900DB271A /* FruitData.swift */; };
/* End PBXBuildFile section */

/* Begin PBXFileReference section */
		05ACD386214F3C8B00DB271A /* Fruit Parsing 03.app */ = {isa = PBXFileReference; explicitFileType = wrapper.application; includeInIndex = 0; path = "Fruit Parsing 03.app"; sourceTree = BUILT_PRODUCTS_DIR; };
		05ACD389214F3C8B00DB271A /* AppDelegate.swift */ = {isa = PBXFileReference; lastKnownFileType = sourcecode.swift; path = AppDelegate.swift; sourceTree = "<group>"; };
		05ACD38B214F3C8B00DB271A /* ViewController.swift */ = {isa = PBXFileReference; lastKnownFileType = sourcecode.swift; path = ViewController.swift; sourceTree = "<group>"; };
		05ACD38E214F3C8B00DB271A /* Base */ = {isa = PBXFileReference; lastKnownFileType = file.storyboard; name = Base; path = Base.lproj/Main.storyboard; sourceTree = "<group>"; };
		05ACD390214F3C8C00DB271A /* Assets.xcassets */ = {isa = PBXFileReference; lastKnownFileType = folder.assetcatalog; path = Assets.xcassets; sourceTree = "<group>"; };
		05ACD393214F3C8C00DB271A /* Base */ = {isa = PBXFileReference; lastKnownFileType = file.storyboard; name = Base; path = Base.lproj/LaunchScreen.storyboard; sourceTree = "<group>"; };
		05ACD395214F3C8C00DB271A /* Info.plist */ = {isa = PBXFileReference; lastKnownFileType = text.plist.xml; path = Info.plist; sourceTree = "<group>"; };
		05ACD39F214F3F9100DB271A /* book.xml */ = {isa = PBXFileReference; lastKnownFileType = text.xml; path = book.xml; sourceTree = "<group>"; };
		05ACD3A1214F447900DB271A /* FruitData.swift */ = {isa = PBXFileReference; lastKnownFileType = sourcecode.swift; path = FruitData.swift; sourceTree = "<group>"; };
/* End PBXFileReference section */

/* Begin PBXFrameworksBuildPhase section */
		05ACD383214F3C8B00DB271A /* Frameworks */ = {
			isa = PBXFrameworksBuildPhase;
			buildActionMask = 2147483647;
			files = (
			);
			runOnlyForDeploymentPostprocessing = 0;
		};
/* End PBXFrameworksBuildPhase section */

/* Begin PBXGroup section */
		05ACD37D214F3C8A00DB271A = {
			isa = PBXGroup;
			children = (
				05ACD388214F3C8B00DB271A /* Fruit Parsing 03 */,
				05ACD387214F3C8B00DB271A /* Products */,
			);
			sourceTree = "<group>";
		};
		05ACD387214F3C8B00DB271A /* Products */ = {
			isa = PBXGroup;
			children = (
				05ACD386214F3C8B00DB271A /* Fruit Parsing 03.app */,
			);
			name = Products;
			sourceTree = "<group>";
		};
		05ACD388214F3C8B00DB271A /* Fruit Parsing 03 */ = {
			isa = PBXGroup;
			children = (
				05ACD389214F3C8B00DB271A /* AppDelegate.swift */,
				05ACD38B214F3C8B00DB271A /* ViewController.swift */,
				05ACD38D214F3C8B00DB271A /* Main.storyboard */,
				05ACD390214F3C8C00DB271A /* Assets.xcassets */,
				05ACD392214F3C8C00DB271A /* LaunchScreen.storyboard */,
				05ACD395214F3C8C00DB271A /* Info.plist */,
				05ACD39F214F3F9100DB271A /* book.xml */,
				05ACD3A1214F447900DB271A /* FruitData.swift */,
			);
			path = "Fruit Parsing 03";
			sourceTree = "<group>";
		};
/* End PBXGroup section */

/* Begin PBXNativeTarget section */
		05ACD385214F3C8B00DB271A /* Fruit Parsing 03 */ = {
			isa = PBXNativeTarget;
			buildConfigurationList = 05ACD398214F3C8C00DB271A /* Build configuration list for PBXNativeTarget "Fruit Parsing 03" */;
			buildPhases = (
				05ACD382214F3C8B00DB271A /* Sources */,
				05ACD383214F3C8B00DB271A /* Frameworks */,
				05ACD384214F3C8B00DB271A /* Resources */,
			);
			buildRules = (
			);
			dependencies = (
			);
			name = "Fruit Parsing 03";
			productName = "Fruit Parsing 03";
			productReference = 05ACD386214F3C8B00DB271A /* Fruit Parsing 03.app */;
			productType = "com.apple.product-type.application";
		};
/* End PBXNativeTarget section */

/* Begin PBXProject section */
		05ACD37E214F3C8A00DB271A /* Project object */ = {
			isa = PBXProject;
			attributes = {
				LastSwiftUpdateCheck = 0940;
				LastUpgradeCheck = 0940;
				ORGANIZATIONNAME = "김종현";
				TargetAttributes = {
					05ACD385214F3C8B00DB271A = {
						CreatedOnToolsVersion = 9.4.1;
					};
				};
			};
			buildConfigurationList = 05ACD381214F3C8A00DB271A /* Build configuration list for PBXProject "Fruit Parsing 03" */;
			compatibilityVersion = "Xcode 9.3";
			developmentRegion = en;
			hasScannedForEncodings = 0;
			knownRegions = (
				en,
				Base,
			);
			mainGroup = 05ACD37D214F3C8A00DB271A;
			productRefGroup = 05ACD387214F3C8B00DB271A /* Products */;
			projectDirPath = "";
			projectRoot = "";
			targets = (
				05ACD385214F3C8B00DB271A /* Fruit Parsing 03 */,
			);
		};
/* End PBXProject section */

/* Begin PBXResourcesBuildPhase section */
		05ACD384214F3C8B00DB271A /* Resources */ = {
			isa = PBXResourcesBuildPhase;
			buildActionMask = 2147483647;
			files = (
				05ACD394214F3C8C00DB271A /* LaunchScreen.storyboard in Resources */,
				05ACD391214F3C8C00DB271A /* Assets.xcassets in Resources */,
				05ACD3A0214F3F9100DB271A /* book.xml in Resources */,
				05ACD38F214F3C8B00DB271A /* Main.storyboard in Resources */,
			);
			runOnlyForDeploymentPostprocessing = 0;
		};
/* End PBXResourcesBuildPhase section */

/* Begin PBXSourcesBuildPhase section */
		05ACD382214F3C8B00DB271A /* Sources */ = {
			isa = PBXSourcesBuildPhase;
			buildActionMask = 2147483647;
			files = (
				05ACD38C214F3C8B00DB271A /* ViewController.swift in Sources */,
				05ACD38A214F3C8B00DB271A /* AppDelegate.swift in Sources */,
				05ACD3A2214F447900DB271A /* FruitData.swift in Sources */,
			);
			runOnlyForDeploymentPostprocessing = 0;
		};
/* End PBXSourcesBuildPhase section */

/* Begin PBXVariantGroup section */
		05ACD38D214F3C8B00DB271A /* Main.storyboard */ = {
			isa = PBXVariantGroup;
			children = (
				05ACD38E214F3C8B00DB271A /* Base */,
			);
			name = Main.storyboard;
			sourceTree = "<group>";
		};
		05ACD392214F3C8C00DB271A /* LaunchScreen.storyboard */ = {
			isa = PBXVariantGroup;
			children = (
				05ACD393214F3C8C00DB271A /* Base */,
			);
			name = LaunchScreen.storyboard;
			sourceTree = "<group>";
		};
/* End PBXVariantGroup section */

/* Begin XCBuildConfiguration section */
		05ACD396214F3C8C00DB271A /* Debug */ = {
			isa = XCBuildConfiguration;
			buildSettings = {
				ALWAYS_SEARCH_USER_PATHS = NO;
				CLANG_ANALYZER_NONNULL = YES;
				CLANG_ANALYZER_NUMBER_OBJECT_CONVERSION = YES_AGGRESSIVE;
				CLANG_CXX_LANGUAGE_STANDARD = "gnu++14";
				CLANG_CXX_LIBRARY = "libc++";
				CLANG_ENABLE_MODULES = YES;
				CLANG_ENABLE_OBJC_ARC = YES;
				CLANG_ENABLE_OBJC_WEAK = YES;
				CLANG_WARN_BLOCK_CAPTURE_AUTORELEASING = YES;
				CLANG_WARN_BOOL_CONVERSION = YES;
				CLANG_WARN_COMMA = YES;
				CLANG_WARN_CONSTANT_CONVERSION = YES;
				CLANG_WARN_DEPRECATED_OBJC_IMPLEMENTATIONS = YES;
				CLANG_WARN_DIRECT_OBJC_ISA_USAGE = YES_ERROR;
				CLANG_WARN_DOCUMENTATION_COMMENTS = YES;
				CLANG_WARN_EMPTY_BODY = YES;
				CLANG_WARN_ENUM_CONVERSION = YES;
				CLANG_WARN_INFINITE_RECURSION = YES;
				CLANG_WARN_INT_CONVERSION = YES;
				CLANG_WARN_NON_LITERAL_NULL_CONVERSION = YES;
				CLANG_WARN_OBJC_IMPLICIT_RETAIN_SELF = YES;
				CLANG_WARN_OBJC_LITERAL_CONVERSION = YES;
				CLANG_WARN_OBJC_ROOT_CLASS = YES_ERROR;
				CLANG_WARN_RANGE_LOOP_ANALYSIS = YES;
				CLANG_WARN_STRICT_PROTOTYPES = YES;
				CLANG_WARN_SUSPICIOUS_MOVE = YES;
				CLANG_WARN_UNGUARDED_AVAILABILITY = YES_AGGRESSIVE;
				CLANG_WARN_UNREACHABLE_CODE = YES;
				CLANG_WARN__DUPLICATE_METHOD_MATCH = YES;
				CODE_SIGN_IDENTITY = "iPhone Developer";
				COPY_PHASE_STRIP = NO;
				DEBUG_INFORMATION_FORMAT = dwarf;
				ENABLE_STRICT_OBJC_MSGSEND = YES;
				ENABLE_TESTABILITY = YES;
				GCC_C_LANGUAGE_STANDARD = gnu11;
				GCC_DYNAMIC_NO_PIC = NO;
				GCC_NO_COMMON_BLOCKS = YES;
				GCC_OPTIMIZATION_LEVEL = 0;
				GCC_PREPROCESSOR_DEFINITIONS = (
					"DEBUG=1",
					"$(inherited)",
				);
				GCC_WARN_64_TO_32_BIT_CONVERSION = YES;
				GCC_WARN_ABOUT_RETURN_TYPE = YES_ERROR;
				GCC_WARN_UNDECLARED_SELECTOR = YES;
				GCC_WARN_UNINITIALIZED_AUTOS = YES_AGGRESSIVE;
				GCC_WARN_UNUSED_FUNCTION = YES;
				GCC_WARN_UNUSED_VARIABLE = YES;
				IPHONEOS_DEPLOYMENT_TARGET = 11.4;
				MTL_ENABLE_DEBUG_INFO = YES;
				ONLY_ACTIVE_ARCH = YES;
				SDKROOT = iphoneos;
				SWIFT_ACTIVE_COMPILATION_CONDITIONS = DEBUG;
				SWIFT_OPTIMIZATION_LEVEL = "-Onone";
			};
			name = Debug;
		};
		05ACD397214F3C8C00DB271A /* Release */ = {
			isa = XCBuildConfiguration;
			buildSettings = {
				ALWAYS_SEARCH_USER_PATHS = NO;
				CLANG_ANALYZER_NONNULL = YES;
				CLANG_ANALYZER_NUMBER_OBJECT_CONVERSION = YES_AGGRESSIVE;
				CLANG_CXX_LANGUAGE_STANDARD = "gnu++14";
				CLANG_CXX_LIBRARY = "libc++";
				CLANG_ENABLE_MODULES = YES;
				CLANG_ENABLE_OBJC_ARC = YES;
				CLANG_ENABLE_OBJC_WEAK = YES;
				CLANG_WARN_BLOCK_CAPTURE_AUTORELEASING = YES;
				CLANG_WARN_BOOL_CONVERSION = YES;
				CLANG_WARN_COMMA = YES;
				CLANG_WARN_CONSTANT_CONVERSION = YES;
				CLANG_WARN_DEPRECATED_OBJC_IMPLEMENTATIONS = YES;
				CLANG_WARN_DIRECT_OBJC_ISA_USAGE = YES_ERROR;
				CLANG_WARN_DOCUMENTATION_COMMENTS = YES;
				CLANG_WARN_EMPTY_BODY = YES;
				CLANG_WARN_ENUM_CONVERSION = YES;
				CLANG_WARN_INFINITE_RECURSION = YES;
				CLANG_WARN_INT_CONVERSION = YES;
				CLANG_WARN_NON_LITERAL_NULL_CONVERSION = YES;
				CLANG_WARN_OBJC_IMPLICIT_RETAIN_SELF = YES;
				CLANG_WARN_OBJC_LITERAL_CONVERSION = YES;
				CLANG_WARN_OBJC_ROOT_CLASS = YES_ERROR;
				CLANG_WARN_RANGE_LOOP_ANALYSIS = YES;
				CLANG_WARN_STRICT_PROTOTYPES = YES;
				CLANG_WARN_SUSPICIOUS_MOVE = YES;
				CLANG_WARN_UNGUARDED_AVAILABILITY = YES_AGGRESSIVE;
				CLANG_WARN_UNREACHABLE_CODE = YES;
				CLANG_WARN__DUPLICATE_METHOD_MATCH = YES;
				CODE_SIGN_IDENTITY = "iPhone Developer";
				COPY_PHASE_STRIP = NO;
				DEBUG_INFORMATION_FORMAT = "dwarf-with-dsym";
				ENABLE_NS_ASSERTIONS = NO;
				ENABLE_STRICT_OBJC_MSGSEND = YES;
				GCC_C_LANGUAGE_STANDARD = gnu11;
				GCC_NO_COMMON_BLOCKS = YES;
				GCC_WARN_64_TO_32_BIT_CONVERSION = YES;
				GCC_WARN_ABOUT_RETURN_TYPE = YES_ERROR;
				GCC_WARN_UNDECLARED_SELECTOR = YES;
				GCC_WARN_UNINITIALIZED_AUTOS = YES_AGGRESSIVE;
				GCC_WARN_UNUSED_FUNCTION = YES;
				GCC_WARN_UNUSED_VARIABLE = YES;
				IPHONEOS_DEPLOYMENT_TARGET = 11.4;
				MTL_ENABLE_DEBUG_INFO = NO;
				SDKROOT = iphoneos;
				SWIFT_COMPILATION_MODE = wholemodule;
				SWIFT_OPTIMIZATION_LEVEL = "-O";
				VALIDATE_PRODUCT = YES;
			};
			name = Release;
		};
		05ACD399214F3C8C00DB271A /* Debug */ = {
			isa = XCBuildConfiguration;
			buildSettings = {
				ASSETCATALOG_COMPILER_APPICON_NAME = AppIcon;
				CODE_SIGN_STYLE = Automatic;
				DEVELOPMENT_TEAM = WBM58B7626;
				INFOPLIST_FILE = "Fruit Parsing 03/Info.plist";
				LD_RUNPATH_SEARCH_PATHS = (
					"$(inherited)",
					"@executable_path/Frameworks",
				);
				PRODUCT_BUNDLE_IDENTIFIER = "kr.ac.dit.Fruit-Parsing-03";
				PRODUCT_NAME = "$(TARGET_NAME)";
				SWIFT_VERSION = 4.0;
				TARGETED_DEVICE_FAMILY = "1,2";
			};
			name = Debug;
		};
		05ACD39A214F3C8C00DB271A /* Release */ = {
			isa = XCBuildConfiguration;
			buildSettings = {
				ASSETCATALOG_COMPILER_APPICON_NAME = AppIcon;
				CODE_SIGN_STYLE = Automatic;
				DEVELOPMENT_TEAM = WBM58B7626;
				INFOPLIST_FILE = "Fruit Parsing 03/Info.plist";
				LD_RUNPATH_SEARCH_PATHS = (
					"$(inherited)",
					"@executable_path/Frameworks",
				);
				PRODUCT_BUNDLE_IDENTIFIER = "kr.ac.dit.Fruit-Parsing-03";
				PRODUCT_NAME = "$(TARGET_NAME)";
				SWIFT_VERSION = 4.0;
				TARGETED_DEVICE_FAMILY = "1,2";
			};
			name = Release;
		};
/* End XCBuildConfiguration section */

/* Begin XCConfigurationList section */
		05ACD381214F3C8A00DB271A /* Build configuration list for PBXProject "Fruit Parsing 03" */ = {
			isa = XCConfigurationList;
			buildConfigurations = (
				05ACD396214F3C8C00DB271A /* Debug */,
				05ACD397214F3C8C00DB271A /* Release */,
			);
			defaultConfigurationIsVisible = 0;
			defaultConfigurationName = Release;
		};
		05ACD398214F3C8C00DB271A /* Build configuration list for PBXNativeTarget "Fruit Parsing 03" */ = {
			isa = XCConfigurationList;
			buildConfigurations = (
				05ACD399214F3C8C00DB271A /* Debug */,
				05ACD39A214F3C8C00DB271A /* Release */,
			);
			defaultConfigurationIsVisible = 0;
			defaultConfigurationName = Release;
		};
/* End XCConfigurationList section */
	};
	rootObject = 05ACD37E214F3C8A00DB271A /* Project object */;
}
